
Microsoft Visual Studio Solution File, Format Version 12.00
# Visual Studio Version 17
VisualStudioVersion = 17.1.32319.34
MinimumVisualStudioVersion = 10.0.40219.1
Project("{9A19103F-16F7-4668-BE54-9A1E7A4F7556}") = "PizzaDeliveryApi", "PizzaDeliveryApi\PizzaDeliveryApi.csproj", "{6ED853E9-FAB7-4CC2-BB93-815AEDB23006}"
EndProject
Project("{FAE04EC0-301F-11D3-BF4B-00C04F79EFBC}") = "PizzaDeliveryApiTests", "PizzaDeliveryApiTests\PizzaDeliveryApiTests.csproj", "{3414B3FD-2F3B-43C2-850A-062FE7707AB1}"
EndProject
Global
	GlobalSection(SolutionConfigurationPlatforms) = preSolution
		Debug|Any CPU = Debug|Any CPU
		Release|Any CPU = Release|Any CPU
	EndGlobalSection
	GlobalSection(ProjectConfigurationPlatforms) = postSolution
		{6ED853E9-FAB7-4CC2-BB93-815AEDB23006}.Debug|Any CPU.ActiveCfg = Debug|Any CPU
		{6ED853E9-FAB7-4CC2-BB93-815AEDB23006}.Debug|Any CPU.Build.0 = Debug|Any CPU
		{6ED853E9-FAB7-4CC2-BB93-815AEDB23006}.Release|Any CPU.ActiveCfg = Release|Any CPU
		{6ED853E9-FAB7-4CC2-BB93-815AEDB23006}.Release|Any CPU.Build.0 = Release|Any CPU
		{3414B3FD-2F3B-43C2-850A-062FE7707AB1}.Debug|Any CPU.ActiveCfg = Debug|Any CPU
		{3414B3FD-2F3B-43C2-850A-062FE7707AB1}.Debug|Any CPU.Build.0 = Debug|Any CPU
		{3414B3FD-2F3B-43C2-850A-062FE7707AB1}.Release|Any CPU.ActiveCfg = Release|Any CPU
		{3414B3FD-2F3B-43C2-850A-062FE7707AB1}.Release|Any CPU.Build.0 = Release|Any CPU
	EndGlobalSection
	GlobalSection(SolutionProperties) = preSolution
		HideSolutionNode = FALSE
	EndGlobalSection
	GlobalSection(ExtensibilityGlobals) = postSolution
		SolutionGuid = {3C67C10B-4349-4E34-A69D-7CD94C5DD118}
	EndGlobalSection
EndGlobal
